
Microsoft Visual Studio Solution File, Format Version 12.00
# Visual Studio Version 17
VisualStudioVersion = 17.0.31903.59
MinimumVisualStudioVersion = 10.0.40219.1
Project("{FAE04EC0-301F-11D3-BF4B-00C04F79EFBC}") = "CleanArx.API", "CleanArx.API\CleanArx.API.csproj", "{26D7A820-2552-43FF-97EC-D8664DEDE266}"
EndProject
Project("{FAE04EC0-301F-11D3-BF4B-00C04F79EFBC}") = "CleanArx.Infrastructure", "CleanArx.Infrastructure\CleanArx.Infrastructure.csproj", "{6F6CB3C3-2DF8-4BE0-A28D-D411397D7170}"
EndProject
Project("{FAE04EC0-301F-11D3-BF4B-00C04F79EFBC}") = "CleanArx.Application", "CleanArx.Application\CleanArx.Application.csproj", "{C6AA65D7-14E9-4A60-BD59-BB1754FC9718}"
EndProject
Project("{FAE04EC0-301F-11D3-BF4B-00C04F79EFBC}") = "CleanArx.Core", "CleanArx.Core\CleanArx.Core.csproj", "{B26026BE-AF07-453C-89FB-C06761D4E0CB}"
EndProject
Global
	GlobalSection(SolutionConfigurationPlatforms) = preSolution
		Debug|Any CPU = Debug|Any CPU
		Release|Any CPU = Release|Any CPU
	EndGlobalSection
	GlobalSection(SolutionProperties) = preSolution
		HideSolutionNode = FALSE
	EndGlobalSection
	GlobalSection(ProjectConfigurationPlatforms) = postSolution
		{26D7A820-2552-43FF-97EC-D8664DEDE266}.Debug|Any CPU.ActiveCfg = Debug|Any CPU
		{26D7A820-2552-43FF-97EC-D8664DEDE266}.Debug|Any CPU.Build.0 = Debug|Any CPU
		{26D7A820-2552-43FF-97EC-D8664DEDE266}.Release|Any CPU.ActiveCfg = Release|Any CPU
		{26D7A820-2552-43FF-97EC-D8664DEDE266}.Release|Any CPU.Build.0 = Release|Any CPU
		{6F6CB3C3-2DF8-4BE0-A28D-D411397D7170}.Debug|Any CPU.ActiveCfg = Debug|Any CPU
		{6F6CB3C3-2DF8-4BE0-A28D-D411397D7170}.Debug|Any CPU.Build.0 = Debug|Any CPU
		{6F6CB3C3-2DF8-4BE0-A28D-D411397D7170}.Release|Any CPU.ActiveCfg = Release|Any CPU
		{6F6CB3C3-2DF8-4BE0-A28D-D411397D7170}.Release|Any CPU.Build.0 = Release|Any CPU
		{C6AA65D7-14E9-4A60-BD59-BB1754FC9718}.Debug|Any CPU.ActiveCfg = Debug|Any CPU
		{C6AA65D7-14E9-4A60-BD59-BB1754FC9718}.Debug|Any CPU.Build.0 = Debug|Any CPU
		{C6AA65D7-14E9-4A60-BD59-BB1754FC9718}.Release|Any CPU.ActiveCfg = Release|Any CPU
		{C6AA65D7-14E9-4A60-BD59-BB1754FC9718}.Release|Any CPU.Build.0 = Release|Any CPU
		{B26026BE-AF07-453C-89FB-C06761D4E0CB}.Debug|Any CPU.ActiveCfg = Debug|Any CPU
		{B26026BE-AF07-453C-89FB-C06761D4E0CB}.Debug|Any CPU.Build.0 = Debug|Any CPU
		{B26026BE-AF07-453C-89FB-C06761D4E0CB}.Release|Any CPU.ActiveCfg = Release|Any CPU
		{B26026BE-AF07-453C-89FB-C06761D4E0CB}.Release|Any CPU.Build.0 = Release|Any CPU
	EndGlobalSection
EndGlobal
